{
  "version": 4,
  "terraform_version": "0.14.3",
  "serial": 1,
  "lineage": "89eef61a-e8b3-f162-e5a3-051bc57cb040",
  "outputs": {},
  "resources": [
    {
      "mode": "data",
      "type": "digitalocean_ssh_key",
      "name": "andrewpearson",
      "provider": "provider[\"registry.terraform.io/digitalocean/digitalocean\"]",
      "instances": [
        {
          "schema_version": 0,
          "attributes": {
            "fingerprint": "b0:cf:69:7e:9e:24:f6:3c:05:c2:70:86:89:1a:f0:a4",
            "id": 27092073,
            "name": "andrewpearson@wintermute.lan",
            "public_key": "ssh-rsa AAAAB3NzaC1yc2EAAAADAQABAAABAQClTftIugw7+YDrI67G68Hlf96JZVXH+sTn/mZOavvHmClXhRapfIXqyO4K66Xpsgdzdb57+emrfTYTlnCLZ2aguzlL7kDKjID20wC3jwVneCVP1nu+beycDEoFJ0tZzg/YEnbwRlIF7pcNEMNe+tNGerTOT35eFqwcgQ1ot/+lAjUaLnkLPxn8s9zrglqx7yBo2uob3FALZOqVTiy8yz47VZWiHO6DvhsH3ab11DTPqbJW8GvqUUxhmm/66+42JHyQG/qn7kWG+FnTpcQzyRegl3X0g0xZyCP+wyjz058qwdMZMcMQULjfe+LFrQzhd8SHwy2g2j4V+qnM14LniDhd andrewpearson@Wintermute.lan"
          },
          "sensitive_attributes": []
        }
      ]
    },
    {
      "mode": "managed",
      "type": "digitalocean_droplet",
      "name": "www-1",
      "provider": "provider[\"registry.terraform.io/digitalocean/digitalocean\"]",
      "instances": [
        {
          "status": "tainted",
          "schema_version": 1,
          "attributes": {
            "backups": false,
            "created_at": "2020-12-30T09:11:35Z",
            "disk": 25,
            "id": "223987503",
            "image": "wordpress-20-04",
            "ipv4_address": "46.101.36.114",
            "ipv4_address_private": "10.131.0.3",
            "ipv6": false,
            "ipv6_address": "",
            "locked": false,
            "memory": 1024,
            "monitoring": false,
            "name": "test-vm",
            "price_hourly": 0.00744,
            "price_monthly": 5,
            "private_networking": true,
            "region": "lon1",
            "resize_disk": true,
            "size": "s-1vcpu-1gb",
            "ssh_keys": [
              "27092073"
            ],
            "status": "active",
            "tags": null,
            "urn": "do:droplet:223987503",
            "user_data": null,
            "vcpus": 1,
            "volume_ids": [],
            "vpc_uuid": "fb3ebe6e-e204-4e09-b1e1-56d9f2369622"
          },
          "sensitive_attributes": [],
          "private": "eyJzY2hlbWFfdmVyc2lvbiI6IjEifQ==",
          "dependencies": [
            "data.digitalocean_ssh_key.andrewpearson"
          ]
        }
      ]
    }
  ]
}
